
Microsoft Visual Studio Solution File, Format Version 12.00
# Visual Studio Version 17
VisualStudioVersion = 17.8.34511.84
MinimumVisualStudioVersion = 10.0.40219.1
Project("{8BC9CEB8-8B4A-11D0-8D11-00A0C91BC942}") = "Assignement A2", "Assignement A2\Assignement A2.vcxproj", "{53243513-30A4-421E-AF08-D80DDE3C7E15}"
EndProject
Global
	GlobalSection(SolutionConfigurationPlatforms) = preSolution
		Debug|x64 = Debug|x64
		Debug|x86 = Debug|x86
		Release|x64 = Release|x64
		Release|x86 = Release|x86
	EndGlobalSection
	GlobalSection(ProjectConfigurationPlatforms) = postSolution
		{53243513-30A4-421E-AF08-D80DDE3C7E15}.Debug|x64.ActiveCfg = Debug|x64
		{53243513-30A4-421E-AF08-D80DDE3C7E15}.Debug|x64.Build.0 = Debug|x64
		{53243513-30A4-421E-AF08-D80DDE3C7E15}.Debug|x86.ActiveCfg = Debug|Win32
		{53243513-30A4-421E-AF08-D80DDE3C7E15}.Debug|x86.Build.0 = Debug|Win32
		{53243513-30A4-421E-AF08-D80DDE3C7E15}.Release|x64.ActiveCfg = Release|x64
		{53243513-30A4-421E-AF08-D80DDE3C7E15}.Release|x64.Build.0 = Release|x64
		{53243513-30A4-421E-AF08-D80DDE3C7E15}.Release|x86.ActiveCfg = Release|Win32
		{53243513-30A4-421E-AF08-D80DDE3C7E15}.Release|x86.Build.0 = Release|Win32
	EndGlobalSection
	GlobalSection(SolutionProperties) = preSolution
		HideSolutionNode = FALSE
	EndGlobalSection
	GlobalSection(ExtensibilityGlobals) = postSolution
		SolutionGuid = {0B122A5E-DA26-4689-86A4-2884A27EEEB9}
	EndGlobalSection
EndGlobal
